
Microsoft Visual Studio Solution File, Format Version 12.00
# Visual Studio Version 17
VisualStudioVersion = 17.6.33829.357
MinimumVisualStudioVersion = 10.0.40219.1
Project("{FAE04EC0-301F-11D3-BF4B-00C04F79EFBC}") = "MusicStore", "MusicStore\MusicStore.csproj", "{CE04F3DC-4312-4755-A090-AA3CC32A58C5}"
EndProject
Global
	GlobalSection(SolutionConfigurationPlatforms) = preSolution
		Debug|Any CPU = Debug|Any CPU
		Release|Any CPU = Release|Any CPU
	EndGlobalSection
	GlobalSection(ProjectConfigurationPlatforms) = postSolution
		{CE04F3DC-4312-4755-A090-AA3CC32A58C5}.Debug|Any CPU.ActiveCfg = Debug|Any CPU
		{CE04F3DC-4312-4755-A090-AA3CC32A58C5}.Debug|Any CPU.Build.0 = Debug|Any CPU
		{CE04F3DC-4312-4755-A090-AA3CC32A58C5}.Release|Any CPU.ActiveCfg = Release|Any CPU
		{CE04F3DC-4312-4755-A090-AA3CC32A58C5}.Release|Any CPU.Build.0 = Release|Any CPU
	EndGlobalSection
	GlobalSection(SolutionProperties) = preSolution
		HideSolutionNode = FALSE
	EndGlobalSection
	GlobalSection(ExtensibilityGlobals) = postSolution
		SolutionGuid = {EF20A4BA-ECC1-4A59-A2AE-48DDD43F845B}
	EndGlobalSection
EndGlobal
